{
  "version": 4,
  "terraform_version": "0.12.26",
  "serial": 62,
  "lineage": "6c6a4a57-c604-bfd1-1617-35777aff4376",
  "outputs": {
    "kubernetes_cluster_name": {
      "value": "aliz-hw-shahmeet-gke",
      "type": "string"
    },
    "region": {
      "value": "us-central1",
      "type": "string"
    }
  },
  "resources": [
    {
      "mode": "managed",
      "type": "google_compute_network",
      "name": "vpc",
      "provider": "provider.google",
      "instances": [
        {
          "schema_version": 0,
          "attributes": {
            "auto_create_subnetworks": false,
            "delete_default_routes_on_create": false,
            "description": "",
            "gateway_ipv4": "",
            "id": "projects/aliz-hw-shahmeet/global/networks/aliz-hw-shahmeet-vpc",
            "ipv4_range": null,
            "name": "aliz-hw-shahmeet-vpc",
            "project": "aliz-hw-shahmeet",
            "routing_mode": "REGIONAL",
            "self_link": "https://www.googleapis.com/compute/v1/projects/aliz-hw-shahmeet/global/networks/aliz-hw-shahmeet-vpc",
            "timeouts": null
          },
          "private": "eyJlMmJmYjczMC1lY2FhLTExZTYtOGY4OC0zNDM2M2JjN2M0YzAiOnsiY3JlYXRlIjoyNDAwMDAwMDAwMDAsImRlbGV0ZSI6MjQwMDAwMDAwMDAwLCJ1cGRhdGUiOjI0MDAwMDAwMDAwMH19"
        }
      ]
    },
    {
      "mode": "managed",
      "type": "google_compute_subnetwork",
      "name": "subnet",
      "provider": "provider.google",
      "instances": [
        {
          "schema_version": 0,
          "attributes": {
            "creation_timestamp": "2020-06-25T05:13:07.439-07:00",
            "description": "",
            "enable_flow_logs": null,
            "fingerprint": null,
            "gateway_address": "10.10.0.1",
            "id": "projects/aliz-hw-shahmeet/regions/us-central1/subnetworks/aliz-hw-shahmeet-subnet",
            "ip_cidr_range": "10.10.0.0/24",
            "log_config": [],
            "name": "aliz-hw-shahmeet-subnet",
            "network": "https://www.googleapis.com/compute/v1/projects/aliz-hw-shahmeet/global/networks/aliz-hw-shahmeet-vpc",
            "private_ip_google_access": false,
            "project": "aliz-hw-shahmeet",
            "region": "us-central1",
            "secondary_ip_range": [],
            "self_link": "https://www.googleapis.com/compute/v1/projects/aliz-hw-shahmeet/regions/us-central1/subnetworks/aliz-hw-shahmeet-subnet",
            "timeouts": null
          },
          "private": "eyJlMmJmYjczMC1lY2FhLTExZTYtOGY4OC0zNDM2M2JjN2M0YzAiOnsiY3JlYXRlIjozNjAwMDAwMDAwMDAsImRlbGV0ZSI6MzYwMDAwMDAwMDAwLCJ1cGRhdGUiOjM2MDAwMDAwMDAwMH19",
          "dependencies": [
            "google_compute_network.vpc"
          ]
        }
      ]
    },
    {
      "mode": "managed",
      "type": "google_container_cluster",
      "name": "primary",
      "provider": "provider.google",
      "instances": [
        {
          "schema_version": 1,
          "attributes": {
            "additional_zones": [],
            "addons_config": [
              {
                "cloudrun_config": [],
                "horizontal_pod_autoscaling": [],
                "http_load_balancing": [],
                "kubernetes_dashboard": [],
                "network_policy_config": [
                  {
                    "disabled": true
                  }
                ]
              }
            ],
            "authenticator_groups_config": [],
            "cluster_autoscaling": [
              {
                "auto_provisioning_defaults": [],
                "enabled": false,
                "resource_limits": []
              }
            ],
            "cluster_ipv4_cidr": "10.40.0.0/14",
            "default_max_pods_per_node": null,
            "description": "",
            "enable_binary_authorization": false,
            "enable_intranode_visibility": null,
            "enable_kubernetes_alpha": false,
            "enable_legacy_abac": false,
            "enable_shielded_nodes": false,
            "enable_tpu": null,
            "endpoint": "34.68.135.10",
            "id": "projects/aliz-hw-shahmeet/locations/us-central1-a/clusters/aliz-hw-shahmeet-gke",
            "initial_node_count": 1,
            "instance_group_urls": [
              "https://www.googleapis.com/compute/v1/projects/aliz-hw-shahmeet/zones/us-central1-a/instanceGroups/gke-aliz-hw-shahmeet-aliz-hw-shahmeet-bea64a38-grp"
            ],
            "ip_allocation_policy": [],
            "label_fingerprint": "a9dc16a7",
            "location": "us-central1-a",
            "logging_service": "logging.googleapis.com/kubernetes",
            "maintenance_policy": [],
            "master_auth": [
              {
                "client_certificate": "",
                "client_certificate_config": [
                  {
                    "issue_client_certificate": false
                  }
                ],
                "client_key": "",
                "cluster_ca_certificate": "LS0tLS1CRUdJTiBDRVJUSUZJQ0FURS0tLS0tCk1JSURERENDQWZTZ0F3SUJBZ0lSQUxCTldjRGJIbzZTYktldjIrTktVWXd3RFFZSktvWklodmNOQVFFTEJRQXcKTHpFdE1Dc0dBMVVFQXhNa1pEQTFaak5qTXpRdFlXRmlNeTAwT1RNMUxXRm1ZamN0TVRsbU1qZGpPVE00T1dNNApNQjRYRFRJd01EWXlOVEV4TVRNek1sb1hEVEkxTURZeU5ERXlNVE16TWxvd0x6RXRNQ3NHQTFVRUF4TWtaREExClpqTmpNelF0WVdGaU15MDBPVE0xTFdGbVlqY3RNVGxtTWpkak9UTTRPV000TUlJQklqQU5CZ2txaGtpRzl3MEIKQVFFRkFBT0NBUThBTUlJQkNnS0NBUUVBd29DSjBEd2JpM3ByN0JYK1RaR2lHcXluUkZ3OUVmcUdqMS9LSmVFSgpuN1M2ZVNISE5pKzF3NHhiSGkyMWlCNDg4OHRmc2h0Y1RmbnU0NzBtR0xxdFU1d0Nrd0FuYVdKZ0dRUnFla1pqCjBlL0E4NmtzNHRicGlmeG5KNGwreDVSU3Q1MlQ4RFJTZ2ZkWSttN2gyM2xDekRXVTNRTlQ5U2VBZ2tvNGE3cVkKVCs1Z051RkZ4cTVxT3I3MWxSajRadis5bWhZY09vTDZmTHlNQU4wZVJVNVlMK3A2cm4yWWdRNnRmY1BvNDNJcwpwOThkNTQ1SlJ4NzZSNmFxbEh6eFVNZ1oxR3ExR1JlbEIrUUduUzUwekVsclVTT1AwalFLRTVBa1JBenVoaUIxClRBZCtkODdTYTl6ZkdqNlpUaW5vKzV0d1ZNSEZWWTdENDMvUmNLRGVxQjAvUXdJREFRQUJveU13SVRBT0JnTlYKSFE4QkFmOEVCQU1DQWdRd0R3WURWUjBUQVFIL0JBVXdBd0VCL3pBTkJna3Foa2lHOXcwQkFRc0ZBQU9DQVFFQQpTNWtHSnV0MXFWaWRHamFKdlFCYVRZazd2M3ZaS1ZMMXVRekVEcXdYeDlYWjR1QzlueFlxTDBaTWtGd0F5eWJYCk5TV2YyV0xOTUNPVmkyZnVDV1hGcW0yUkY2WnZuZlF0bHlKeFRMSkkvT0dZTnB5L09mcCtEV1JFZzlHTWYvYkQKc0R4OVNia0NJWUZ3NXpyN0JVNDZmdHdMdWtPNzZPSFUxQ2J2SWtrOXJvNUcwMHRTY21OUEM4WWhiYlFmd3AwdwpweFBYcmxtUTBPQzN4d1d6cTB6V1l2M2FNdUU3S2hCRHdUZ0QzRVovSzZaWWE0Y0hwMVUzL3pEQlFQYU11WnBmClBmZzBXcU9iMnVBM0liUExFdUYzS2I4WDk0TmRQK0VVMTdnQ25SYnkwa1RrM0d5dGdGTXpaNDErbXdYUFIwR28KbkdpRDczTFdPeTVMYlB0ZUtFU3NYdz09Ci0tLS0tRU5EIENFUlRJRklDQVRFLS0tLS0K",
                "password": "",
                "username": ""
              }
            ],
            "master_authorized_networks_config": [],
            "master_version": "1.14.10-gke.36",
            "min_master_version": null,
            "monitoring_service": "monitoring.googleapis.com/kubernetes",
            "name": "aliz-hw-shahmeet-gke",
            "network": "projects/aliz-hw-shahmeet/global/networks/aliz-hw-shahmeet-vpc",
            "network_policy": [
              {
                "enabled": false,
                "provider": "PROVIDER_UNSPECIFIED"
              }
            ],
            "node_config": [
              {
                "disk_size_gb": 100,
                "disk_type": "pd-standard",
                "guest_accelerator": [],
                "image_type": "COS",
                "labels": {
                  "env": "aliz-hw-shahmeet"
                },
                "local_ssd_count": 0,
                "machine_type": "n1-standard-1",
                "metadata": {
                  "disable-legacy-endpoints": "true"
                },
                "min_cpu_platform": "",
                "oauth_scopes": [
                  "https://www.googleapis.com/auth/logging.write",
                  "https://www.googleapis.com/auth/monitoring"
                ],
                "preemptible": false,
                "sandbox_config": [],
                "service_account": "default",
                "shielded_instance_config": [
                  {
                    "enable_integrity_monitoring": true,
                    "enable_secure_boot": false
                  }
                ],
                "tags": [
                  "gke-node",
                  "aliz-hw-shahmeet-gke"
                ],
                "taint": [],
                "workload_metadata_config": []
              }
            ],
            "node_locations": [],
            "node_pool": [
              {
                "autoscaling": [],
                "initial_node_count": 1,
                "instance_group_urls": [
                  "https://www.googleapis.com/compute/v1/projects/aliz-hw-shahmeet/zones/us-central1-a/instanceGroupManagers/gke-aliz-hw-shahmeet-aliz-hw-shahmeet-bea64a38-grp"
                ],
                "management": [
                  {
                    "auto_repair": true,
                    "auto_upgrade": true
                  }
                ],
                "max_pods_per_node": 0,
                "name": "aliz-hw-shahmeet-gke-node-pool",
                "name_prefix": "",
                "node_config": [
                  {
                    "disk_size_gb": 100,
                    "disk_type": "pd-standard",
                    "guest_accelerator": [],
                    "image_type": "COS",
                    "labels": {
                      "env": "aliz-hw-shahmeet"
                    },
                    "local_ssd_count": 0,
                    "machine_type": "n1-standard-1",
                    "metadata": {
                      "disable-legacy-endpoints": "true"
                    },
                    "min_cpu_platform": "",
                    "oauth_scopes": [
                      "https://www.googleapis.com/auth/logging.write",
                      "https://www.googleapis.com/auth/monitoring"
                    ],
                    "preemptible": false,
                    "sandbox_config": [],
                    "service_account": "default",
                    "shielded_instance_config": [
                      {
                        "enable_integrity_monitoring": true,
                        "enable_secure_boot": false
                      }
                    ],
                    "tags": [
                      "gke-node",
                      "aliz-hw-shahmeet-gke"
                    ],
                    "taint": [],
                    "workload_metadata_config": []
                  }
                ],
                "node_count": 1,
                "node_locations": [
                  "us-central1-a"
                ],
                "upgrade_settings": [
                  {
                    "max_surge": 1,
                    "max_unavailable": 0
                  }
                ],
                "version": "1.14.10-gke.36"
              }
            ],
            "node_version": "1.14.10-gke.36",
            "operation": null,
            "pod_security_policy_config": [],
            "private_cluster_config": [],
            "project": "aliz-hw-shahmeet",
            "region": null,
            "remove_default_node_pool": true,
            "resource_labels": {},
            "resource_usage_export_config": [],
            "services_ipv4_cidr": "10.43.240.0/20",
            "subnetwork": "projects/aliz-hw-shahmeet/regions/us-central1/subnetworks/aliz-hw-shahmeet-subnet",
            "timeouts": null,
            "vertical_pod_autoscaling": [],
            "workload_identity_config": [],
            "zone": null
          },
          "private": "eyJlMmJmYjczMC1lY2FhLTExZTYtOGY4OC0zNDM2M2JjN2M0YzAiOnsiY3JlYXRlIjoyNDAwMDAwMDAwMDAwLCJkZWxldGUiOjI0MDAwMDAwMDAwMDAsInJlYWQiOjI0MDAwMDAwMDAwMDAsInVwZGF0ZSI6MzYwMDAwMDAwMDAwMH0sInNjaGVtYV92ZXJzaW9uIjoiMSJ9",
          "dependencies": [
            "google_compute_network.vpc",
            "google_compute_subnetwork.subnet"
          ]
        }
      ]
    },
    {
      "mode": "managed",
      "type": "google_container_node_pool",
      "name": "primary_nodes",
      "provider": "provider.google",
      "instances": [
        {
          "schema_version": 1,
          "attributes": {
            "autoscaling": [],
            "cluster": "aliz-hw-shahmeet-gke",
            "id": "projects/aliz-hw-shahmeet/locations/us-central1-a/clusters/aliz-hw-shahmeet-gke/nodePools/aliz-hw-shahmeet-gke-node-pool",
            "initial_node_count": 1,
            "instance_group_urls": [
              "https://www.googleapis.com/compute/v1/projects/aliz-hw-shahmeet/zones/us-central1-a/instanceGroupManagers/gke-aliz-hw-shahmeet-aliz-hw-shahmeet-bea64a38-grp"
            ],
            "location": "us-central1-a",
            "management": [
              {
                "auto_repair": true,
                "auto_upgrade": true
              }
            ],
            "max_pods_per_node": null,
            "name": "aliz-hw-shahmeet-gke-node-pool",
            "name_prefix": "",
            "node_config": [
              {
                "disk_size_gb": 100,
                "disk_type": "pd-standard",
                "guest_accelerator": [],
                "image_type": "COS",
                "labels": {
                  "env": "aliz-hw-shahmeet"
                },
                "local_ssd_count": 0,
                "machine_type": "n1-standard-1",
                "metadata": {
                  "disable-legacy-endpoints": "true"
                },
                "min_cpu_platform": "",
                "oauth_scopes": [
                  "https://www.googleapis.com/auth/logging.write",
                  "https://www.googleapis.com/auth/monitoring"
                ],
                "preemptible": false,
                "sandbox_config": [],
                "service_account": "default",
                "shielded_instance_config": [
                  {
                    "enable_integrity_monitoring": true,
                    "enable_secure_boot": false
                  }
                ],
                "tags": [
                  "gke-node",
                  "aliz-hw-shahmeet-gke"
                ],
                "taint": [],
                "workload_metadata_config": []
              }
            ],
            "node_count": 1,
            "node_locations": [
              "us-central1-a"
            ],
            "project": "aliz-hw-shahmeet",
            "region": null,
            "timeouts": null,
            "upgrade_settings": [
              {
                "max_surge": 1,
                "max_unavailable": 0
              }
            ],
            "version": "1.14.10-gke.36",
            "zone": null
          },
          "private": "eyJlMmJmYjczMC1lY2FhLTExZTYtOGY4OC0zNDM2M2JjN2M0YzAiOnsiY3JlYXRlIjoxODAwMDAwMDAwMDAwLCJkZWxldGUiOjE4MDAwMDAwMDAwMDAsInVwZGF0ZSI6MTgwMDAwMDAwMDAwMH0sInNjaGVtYV92ZXJzaW9uIjoiMSJ9",
          "dependencies": [
            "google_compute_network.vpc",
            "google_compute_subnetwork.subnet",
            "google_container_cluster.primary"
          ]
        }
      ]
    },
    {
      "mode": "managed",
      "type": "google_storage_bucket",
      "name": "my_bucket",
      "provider": "provider.google",
      "instances": [
        {
          "schema_version": 0,
          "attributes": {
            "bucket_policy_only": false,
            "cors": [],
            "default_event_based_hold": false,
            "encryption": [],
            "force_destroy": false,
            "id": "aliz-hw-shahmeet-nexus-bucket",
            "labels": null,
            "lifecycle_rule": [],
            "location": "US-CENTRAL1",
            "logging": [],
            "name": "aliz-hw-shahmeet-nexus-bucket",
            "project": "aliz-hw-shahmeet",
            "requester_pays": false,
            "retention_policy": [],
            "self_link": "https://www.googleapis.com/storage/v1/b/aliz-hw-shahmeet-nexus-bucket",
            "storage_class": "STANDARD",
            "url": "gs://aliz-hw-shahmeet-nexus-bucket",
            "versioning": [],
            "website": []
          },
          "private": "bnVsbA=="
        }
      ]
    },
    {
      "mode": "managed",
      "type": "null_resource",
      "name": "kubectl_apply",
      "provider": "provider.null",
      "instances": [
        {
          "schema_version": 0,
          "attributes": {
            "id": "1813285396141293058",
            "triggers": {
              "config_contents": "6d434a05ed8ffaa495d0493783875f6b",
              "k8s_yaml_contents": "f0ec4fb8e3c39598ce49fdacc6786c9b"
            }
          },
          "private": "bnVsbA==",
          "dependencies": [
            "google_container_cluster.primary"
          ]
        }
      ]
    }
  ]
}
